
Microsoft Visual Studio Solution File, Format Version 12.00
# Visual Studio Version 17
VisualStudioVersion = 17.8.34309.116
MinimumVisualStudioVersion = 10.0.40219.1
Project("{9A19103F-16F7-4668-BE54-9A1E7A4F7556}") = "FiapStoreApi", "FiapStoreApi.csproj", "{C90F236D-C06F-4E24-9D3D-1888AA170BE1}"
EndProject
Project("{9A19103F-16F7-4668-BE54-9A1E7A4F7556}") = "Core", "..\Core\Core.csproj", "{FB9A31B7-4131-4DED-A5E4-EC070BF7EF26}"
EndProject
Project("{9A19103F-16F7-4668-BE54-9A1E7A4F7556}") = "Infrastructure", "..\Infrastructure\Infrastructure.csproj", "{4E38CDF9-0146-4074-A4B2-D78469F36F97}"
EndProject
Project("{FAE04EC0-301F-11D3-BF4B-00C04F79EFBC}") = "Infrastructure.Scaffold", "..\Infrastructure.Scaffold\Infrastructure.Scaffold.csproj", "{904F7D65-7160-42D1-A1BA-D10C30562253}"
EndProject
Global
	GlobalSection(SolutionConfigurationPlatforms) = preSolution
		Debug|Any CPU = Debug|Any CPU
		Release|Any CPU = Release|Any CPU
	EndGlobalSection
	GlobalSection(ProjectConfigurationPlatforms) = postSolution
		{C90F236D-C06F-4E24-9D3D-1888AA170BE1}.Debug|Any CPU.ActiveCfg = Debug|Any CPU
		{C90F236D-C06F-4E24-9D3D-1888AA170BE1}.Debug|Any CPU.Build.0 = Debug|Any CPU
		{C90F236D-C06F-4E24-9D3D-1888AA170BE1}.Release|Any CPU.ActiveCfg = Release|Any CPU
		{C90F236D-C06F-4E24-9D3D-1888AA170BE1}.Release|Any CPU.Build.0 = Release|Any CPU
		{FB9A31B7-4131-4DED-A5E4-EC070BF7EF26}.Debug|Any CPU.ActiveCfg = Debug|Any CPU
		{FB9A31B7-4131-4DED-A5E4-EC070BF7EF26}.Debug|Any CPU.Build.0 = Debug|Any CPU
		{FB9A31B7-4131-4DED-A5E4-EC070BF7EF26}.Release|Any CPU.ActiveCfg = Release|Any CPU
		{FB9A31B7-4131-4DED-A5E4-EC070BF7EF26}.Release|Any CPU.Build.0 = Release|Any CPU
		{4E38CDF9-0146-4074-A4B2-D78469F36F97}.Debug|Any CPU.ActiveCfg = Debug|Any CPU
		{4E38CDF9-0146-4074-A4B2-D78469F36F97}.Debug|Any CPU.Build.0 = Debug|Any CPU
		{4E38CDF9-0146-4074-A4B2-D78469F36F97}.Release|Any CPU.ActiveCfg = Release|Any CPU
		{4E38CDF9-0146-4074-A4B2-D78469F36F97}.Release|Any CPU.Build.0 = Release|Any CPU
		{904F7D65-7160-42D1-A1BA-D10C30562253}.Debug|Any CPU.ActiveCfg = Debug|Any CPU
		{904F7D65-7160-42D1-A1BA-D10C30562253}.Debug|Any CPU.Build.0 = Debug|Any CPU
		{904F7D65-7160-42D1-A1BA-D10C30562253}.Release|Any CPU.ActiveCfg = Release|Any CPU
		{904F7D65-7160-42D1-A1BA-D10C30562253}.Release|Any CPU.Build.0 = Release|Any CPU
	EndGlobalSection
	GlobalSection(SolutionProperties) = preSolution
		HideSolutionNode = FALSE
	EndGlobalSection
	GlobalSection(ExtensibilityGlobals) = postSolution
		SolutionGuid = {7757DDA2-01E0-445F-8EED-4B3B7186633E}
	EndGlobalSection
EndGlobal
